
Microsoft Visual Studio Solution File, Format Version 12.00
# Visual Studio Version 17
VisualStudioVersion = 17.8.34525.116
MinimumVisualStudioVersion = 10.0.40219.1
Project("{FAE04EC0-301F-11D3-BF4B-00C04F79EFBC}") = "mesele .region", "mesele .region\mesele .region.csproj", "{B96FDD03-9222-491B-8EBA-661594B4DA6C}"
EndProject
Global
	GlobalSection(SolutionConfigurationPlatforms) = preSolution
		Debug|Any CPU = Debug|Any CPU
		Release|Any CPU = Release|Any CPU
	EndGlobalSection
	GlobalSection(ProjectConfigurationPlatforms) = postSolution
		{B96FDD03-9222-491B-8EBA-661594B4DA6C}.Debug|Any CPU.ActiveCfg = Debug|Any CPU
		{B96FDD03-9222-491B-8EBA-661594B4DA6C}.Debug|Any CPU.Build.0 = Debug|Any CPU
		{B96FDD03-9222-491B-8EBA-661594B4DA6C}.Release|Any CPU.ActiveCfg = Release|Any CPU
		{B96FDD03-9222-491B-8EBA-661594B4DA6C}.Release|Any CPU.Build.0 = Release|Any CPU
	EndGlobalSection
	GlobalSection(SolutionProperties) = preSolution
		HideSolutionNode = FALSE
	EndGlobalSection
	GlobalSection(ExtensibilityGlobals) = postSolution
		SolutionGuid = {E7D72E63-BDB1-48F4-A2AA-B2165DC867C2}
	EndGlobalSection
EndGlobal
